
Microsoft Visual Studio Solution File, Format Version 12.00
# Visual Studio 15
VisualStudioVersion = 15.0.26430.16
MinimumVisualStudioVersion = 10.0.40219.1
Project("{FAE04EC0-301F-11D3-BF4B-00C04F79EFBC}") = "QuickLogger", "QuickLogger\QuickLogger.csproj", "{AA3DB56F-36E0-4BD2-96FE-05250977519A}"
EndProject
Project("{FAE04EC0-301F-11D3-BF4B-00C04F79EFBC}") = "QuickLogger.Log4Net", "QuickLogger.Log4Net\QuickLogger.Log4Net.csproj", "{21F9A264-EFB3-4E75-B85F-111B343B650C}"
EndProject
Project("{2150E333-8FDC-42A3-9474-1A3956D46DE8}") = "1_Solution_Items", "1_Solution_Items", "{11C05297-3AAD-4675-8C8A-441E95D80984}"
EndProject
Project("{2150E333-8FDC-42A3-9474-1A3956D46DE8}") = "2_Src", "2_Src", "{E3A72C54-B0BF-423E-9262-4A79867BDFFB}"
EndProject
Project("{2150E333-8FDC-42A3-9474-1A3956D46DE8}") = "3_Tests", "3_Tests", "{94111322-3EC1-4513-B4B3-EB8C937455B1}"
EndProject
Project("{FAE04EC0-301F-11D3-BF4B-00C04F79EFBC}") = "QuickLogger.Log4Net.UnitTest", "QuickLogger.Log4Net.UnitTest\QuickLogger.Log4Net.UnitTest.csproj", "{AC4F4396-0BCD-4DA8-B220-96929616C1E0}"
EndProject
Global
	GlobalSection(SolutionConfigurationPlatforms) = preSolution
		Debug|Any CPU = Debug|Any CPU
		Release|Any CPU = Release|Any CPU
	EndGlobalSection
	GlobalSection(ProjectConfigurationPlatforms) = postSolution
		{AA3DB56F-36E0-4BD2-96FE-05250977519A}.Debug|Any CPU.ActiveCfg = Debug|Any CPU
		{AA3DB56F-36E0-4BD2-96FE-05250977519A}.Debug|Any CPU.Build.0 = Debug|Any CPU
		{AA3DB56F-36E0-4BD2-96FE-05250977519A}.Release|Any CPU.ActiveCfg = Release|Any CPU
		{AA3DB56F-36E0-4BD2-96FE-05250977519A}.Release|Any CPU.Build.0 = Release|Any CPU
		{21F9A264-EFB3-4E75-B85F-111B343B650C}.Debug|Any CPU.ActiveCfg = Debug|Any CPU
		{21F9A264-EFB3-4E75-B85F-111B343B650C}.Debug|Any CPU.Build.0 = Debug|Any CPU
		{21F9A264-EFB3-4E75-B85F-111B343B650C}.Release|Any CPU.ActiveCfg = Release|Any CPU
		{21F9A264-EFB3-4E75-B85F-111B343B650C}.Release|Any CPU.Build.0 = Release|Any CPU
		{AC4F4396-0BCD-4DA8-B220-96929616C1E0}.Debug|Any CPU.ActiveCfg = Debug|Any CPU
		{AC4F4396-0BCD-4DA8-B220-96929616C1E0}.Debug|Any CPU.Build.0 = Debug|Any CPU
		{AC4F4396-0BCD-4DA8-B220-96929616C1E0}.Release|Any CPU.ActiveCfg = Release|Any CPU
		{AC4F4396-0BCD-4DA8-B220-96929616C1E0}.Release|Any CPU.Build.0 = Release|Any CPU
	EndGlobalSection
	GlobalSection(SolutionProperties) = preSolution
		HideSolutionNode = FALSE
	EndGlobalSection
	GlobalSection(NestedProjects) = preSolution
		{AA3DB56F-36E0-4BD2-96FE-05250977519A} = {E3A72C54-B0BF-423E-9262-4A79867BDFFB}
		{21F9A264-EFB3-4E75-B85F-111B343B650C} = {E3A72C54-B0BF-423E-9262-4A79867BDFFB}
		{AC4F4396-0BCD-4DA8-B220-96929616C1E0} = {94111322-3EC1-4513-B4B3-EB8C937455B1}
	EndGlobalSection
EndGlobal
