
Microsoft Visual Studio Solution File, Format Version 12.00
# Visual Studio 15
VisualStudioVersion = 15.0.26430.16
MinimumVisualStudioVersion = 10.0.40219.1
Project("{2150E333-8FDC-42A3-9474-1A3956D46DE8}") = "1_Solution_Items", "1_Solution_Items", "{11C05297-3AAD-4675-8C8A-441E95D80984}"
EndProject
Project("{2150E333-8FDC-42A3-9474-1A3956D46DE8}") = "2_Src", "2_Src", "{E3A72C54-B0BF-423E-9262-4A79867BDFFB}"
EndProject
Project("{2150E333-8FDC-42A3-9474-1A3956D46DE8}") = "3_Tests", "3_Tests", "{94111322-3EC1-4513-B4B3-EB8C937455B1}"
EndProject
Project("{FAE04EC0-301F-11D3-BF4B-00C04F79EFBC}") = "RapidLogger", "RapidLogger\RapidLogger.csproj", "{AA3DB56F-36E0-4BD2-96FE-05250977519A}"
EndProject
Project("{FAE04EC0-301F-11D3-BF4B-00C04F79EFBC}") = "RapidLogger.Log4NetAdapter", "RapidLogger.Log4NetAdapter\RapidLogger.Log4NetAdapter.csproj", "{6FD2BAEA-7661-4832-9029-DE67AD8E968F}"
EndProject
Project("{FAE04EC0-301F-11D3-BF4B-00C04F79EFBC}") = "RapidLogger.NLogAdapter", "RapidLogger.NLogAdapter\RapidLogger.NLogAdapter.csproj", "{C5AB33FC-6F89-43CC-810A-5D0CA6B6AD17}"
EndProject
Project("{FAE04EC0-301F-11D3-BF4B-00C04F79EFBC}") = "RapidLogger.Log4NetAdapter.UnitTest", "RapidLogger.Log4NetAdapter.UnitTest\RapidLogger.Log4NetAdapter.UnitTest.csproj", "{D004824E-68B5-4BF0-B91D-C2B4CFABA1D1}"
EndProject
Project("{FAE04EC0-301F-11D3-BF4B-00C04F79EFBC}") = "RapidLogger.NLogAdapter.UnitTest", "RapidLogger.NLogAdapter.UnitTest\RapidLogger.NLogAdapter.UnitTest.csproj", "{4720F290-F003-45E5-BD2E-37798AFD9312}"
EndProject
Global
	GlobalSection(SolutionConfigurationPlatforms) = preSolution
		Debug|Any CPU = Debug|Any CPU
		Release|Any CPU = Release|Any CPU
	EndGlobalSection
	GlobalSection(ProjectConfigurationPlatforms) = postSolution
		{AA3DB56F-36E0-4BD2-96FE-05250977519A}.Debug|Any CPU.ActiveCfg = Debug|Any CPU
		{AA3DB56F-36E0-4BD2-96FE-05250977519A}.Debug|Any CPU.Build.0 = Debug|Any CPU
		{AA3DB56F-36E0-4BD2-96FE-05250977519A}.Release|Any CPU.ActiveCfg = Release|Any CPU
		{AA3DB56F-36E0-4BD2-96FE-05250977519A}.Release|Any CPU.Build.0 = Release|Any CPU
		{6FD2BAEA-7661-4832-9029-DE67AD8E968F}.Debug|Any CPU.ActiveCfg = Debug|Any CPU
		{6FD2BAEA-7661-4832-9029-DE67AD8E968F}.Debug|Any CPU.Build.0 = Debug|Any CPU
		{6FD2BAEA-7661-4832-9029-DE67AD8E968F}.Release|Any CPU.ActiveCfg = Release|Any CPU
		{6FD2BAEA-7661-4832-9029-DE67AD8E968F}.Release|Any CPU.Build.0 = Release|Any CPU
		{C5AB33FC-6F89-43CC-810A-5D0CA6B6AD17}.Debug|Any CPU.ActiveCfg = Debug|Any CPU
		{C5AB33FC-6F89-43CC-810A-5D0CA6B6AD17}.Debug|Any CPU.Build.0 = Debug|Any CPU
		{C5AB33FC-6F89-43CC-810A-5D0CA6B6AD17}.Release|Any CPU.ActiveCfg = Release|Any CPU
		{C5AB33FC-6F89-43CC-810A-5D0CA6B6AD17}.Release|Any CPU.Build.0 = Release|Any CPU
		{D004824E-68B5-4BF0-B91D-C2B4CFABA1D1}.Debug|Any CPU.ActiveCfg = Debug|Any CPU
		{D004824E-68B5-4BF0-B91D-C2B4CFABA1D1}.Debug|Any CPU.Build.0 = Debug|Any CPU
		{D004824E-68B5-4BF0-B91D-C2B4CFABA1D1}.Release|Any CPU.ActiveCfg = Release|Any CPU
		{D004824E-68B5-4BF0-B91D-C2B4CFABA1D1}.Release|Any CPU.Build.0 = Release|Any CPU
		{4720F290-F003-45E5-BD2E-37798AFD9312}.Debug|Any CPU.ActiveCfg = Debug|Any CPU
		{4720F290-F003-45E5-BD2E-37798AFD9312}.Debug|Any CPU.Build.0 = Debug|Any CPU
		{4720F290-F003-45E5-BD2E-37798AFD9312}.Release|Any CPU.ActiveCfg = Release|Any CPU
		{4720F290-F003-45E5-BD2E-37798AFD9312}.Release|Any CPU.Build.0 = Release|Any CPU
	EndGlobalSection
	GlobalSection(SolutionProperties) = preSolution
		HideSolutionNode = FALSE
	EndGlobalSection
	GlobalSection(NestedProjects) = preSolution
		{AA3DB56F-36E0-4BD2-96FE-05250977519A} = {E3A72C54-B0BF-423E-9262-4A79867BDFFB}
		{6FD2BAEA-7661-4832-9029-DE67AD8E968F} = {E3A72C54-B0BF-423E-9262-4A79867BDFFB}
		{C5AB33FC-6F89-43CC-810A-5D0CA6B6AD17} = {E3A72C54-B0BF-423E-9262-4A79867BDFFB}
		{D004824E-68B5-4BF0-B91D-C2B4CFABA1D1} = {94111322-3EC1-4513-B4B3-EB8C937455B1}
		{4720F290-F003-45E5-BD2E-37798AFD9312} = {94111322-3EC1-4513-B4B3-EB8C937455B1}
	EndGlobalSection
EndGlobal
